
Microsoft Visual Studio Solution File, Format Version 12.00
# Visual Studio Version 17
VisualStudioVersion = 17.14.36221.1 d17.14
MinimumVisualStudioVersion = 10.0.40219.1
Project("{FAE04EC0-301F-11D3-BF4B-00C04F79EFBC}") = "WindowsFormsApp_TextBox", "WindowsFormsApp_TextBox\WindowsFormsApp_TextBox.csproj", "{2F17B6D9-AEA6-4A75-B9F1-B194D72F37A6}"
EndProject
Global
	GlobalSection(SolutionConfigurationPlatforms) = preSolution
		Debug|Any CPU = Debug|Any CPU
		Release|Any CPU = Release|Any CPU
	EndGlobalSection
	GlobalSection(ProjectConfigurationPlatforms) = postSolution
		{2F17B6D9-AEA6-4A75-B9F1-B194D72F37A6}.Debug|Any CPU.ActiveCfg = Debug|Any CPU
		{2F17B6D9-AEA6-4A75-B9F1-B194D72F37A6}.Debug|Any CPU.Build.0 = Debug|Any CPU
		{2F17B6D9-AEA6-4A75-B9F1-B194D72F37A6}.Release|Any CPU.ActiveCfg = Release|Any CPU
		{2F17B6D9-AEA6-4A75-B9F1-B194D72F37A6}.Release|Any CPU.Build.0 = Release|Any CPU
	EndGlobalSection
	GlobalSection(SolutionProperties) = preSolution
		HideSolutionNode = FALSE
	EndGlobalSection
	GlobalSection(ExtensibilityGlobals) = postSolution
		SolutionGuid = {2FA429DB-6AC2-4F5E-838E-718362769617}
	EndGlobalSection
EndGlobal
